
Microsoft Visual Studio Solution File, Format Version 12.00
# Visual Studio Version 16
VisualStudioVersion = 16.0.29209.62
MinimumVisualStudioVersion = 10.0.40219.1
Project("{9A19103F-16F7-4668-BE54-9A1E7A4F7556}") = "ClassLibrary.model", "ClassLibrary.model\ClassLibrary.model.csproj", "{31C9AA8A-881D-465F-97DA-5A9DC614E485}"
EndProject
Project("{FAE04EC0-301F-11D3-BF4B-00C04F79EFBC}") = "ConsoleApp2", "ConsoleApp2\ConsoleApp2.csproj", "{3543C661-1BA7-453F-8BDA-1D06895FFAD6}"
EndProject
Global
	GlobalSection(SolutionConfigurationPlatforms) = preSolution
		Debug|Any CPU = Debug|Any CPU
		Release|Any CPU = Release|Any CPU
	EndGlobalSection
	GlobalSection(ProjectConfigurationPlatforms) = postSolution
		{31C9AA8A-881D-465F-97DA-5A9DC614E485}.Debug|Any CPU.ActiveCfg = Debug|Any CPU
		{31C9AA8A-881D-465F-97DA-5A9DC614E485}.Debug|Any CPU.Build.0 = Debug|Any CPU
		{31C9AA8A-881D-465F-97DA-5A9DC614E485}.Release|Any CPU.ActiveCfg = Release|Any CPU
		{31C9AA8A-881D-465F-97DA-5A9DC614E485}.Release|Any CPU.Build.0 = Release|Any CPU
		{3543C661-1BA7-453F-8BDA-1D06895FFAD6}.Debug|Any CPU.ActiveCfg = Debug|Any CPU
		{3543C661-1BA7-453F-8BDA-1D06895FFAD6}.Debug|Any CPU.Build.0 = Debug|Any CPU
		{3543C661-1BA7-453F-8BDA-1D06895FFAD6}.Release|Any CPU.ActiveCfg = Release|Any CPU
		{3543C661-1BA7-453F-8BDA-1D06895FFAD6}.Release|Any CPU.Build.0 = Release|Any CPU
	EndGlobalSection
	GlobalSection(SolutionProperties) = preSolution
		HideSolutionNode = FALSE
	EndGlobalSection
	GlobalSection(ExtensibilityGlobals) = postSolution
		SolutionGuid = {DA3C706F-E879-48BA-8121-538CEB7D349E}
	EndGlobalSection
EndGlobal
